{
  "name": "guoyuan-jinrijihui-h5",
  "version": "1.0.0",
  "lockfileVersion": 1,
  "requires": true,
  "dependencies": {
    "@babel/code-frame": {
      "version": "7.0.0-beta.44",
      "resolved": "http://registry.npm.taobao.org/@babel/code-frame/download/@babel/code-frame-7.0.0-beta.44.tgz",
      "integrity": "sha1-KgJkM2jegJFhYr5whlyXd08629k=",
      "dev": true,
      "requires": {
        "@babel/highlight": "7.0.0-beta.44"
      }
    },
    "@babel/generator": {
      "version": "7.0.0-beta.44",
      "resolved": "http://registry.npm.taobao.org/@babel/generator/download/@babel/generator-7.0.0-beta.44.tgz",
      "integrity": "sha1-x+Z7m1KEr89pswm1DX038+UDPUI=",
      "dev": true,
      "requires": {
        "@babel/types": "7.0.0-beta.44",
        "jsesc": "^2.5.1",
        "lodash": "^4.2.0",
        "source-map": "^0.5.0",
        "trim-right": "^1.0.1"
      },
      "dependencies": {
        "jsesc": {
          "version": "2.5.1",
          "resolved": "http://registry.npm.taobao.org/jsesc/download/jsesc-2.5.1.tgz",
          "integrity": "sha1-5CGiqOINawgZ3yiQj3glJrlt0f4=",
          "dev": true
        },
        "source-map": {
          "version": "0.5.7",
          "resolved": "http://registry.npm.taobao.org/source-map/download/source-map-0.5.7.tgz",
          "integrity": "sha1-igOdLRAh0i0eoUyA2OpGi6LvP8w=",
          "dev": true
        }
      }
    },
    "@babel/helper-function-name": {
      "version": "7.0.0-beta.44",
      "resolved": "http://registry.npm.taobao.org/@babel/helper-function-name/download/@babel/helper-function-name-7.0.0-beta.44.tgz",
      "integrity": "sha1-4YVSqq4iMRAKbkheA4VLw1MtRN0=",
      "dev": true,
      "requires": {
        "@babel/helper-get-function-arity": "7.0.0-beta.44",
        "@babel/template": "7.0.0-beta.44",
        "@babel/types": "7.0.0-beta.44"
      }
    },
    "@babel/helper-get-function-arity": {
      "version": "7.0.0-beta.44",
      "resolved": "http://registry.npm.taobao.org/@babel/helper-get-function-arity/download/@babel/helper-get-function-arity-7.0.0-beta.44.tgz",
      "integrity": "sha1-0Dym3SufewseazLFbHKDYUDbOhU=",
      "dev": true,
      "requires": {
        "@babel/types": "7.0.0-beta.44"
      }
    },
    "@babel/helper-split-export-declaration": {
      "version": "7.0.0-beta.44",
      "resolved": "http://registry.npm.taobao.org/@babel/helper-split-export-declaration/download/@babel/helper-split-export-declaration-7.0.0-beta.44.tgz",
      "integrity": "sha1-wLNRc14PvLOCLIrY205YOwXr2dw=",
      "dev": true,
      "requires": {
        "@babel/types": "7.0.0-beta.44"
      }
    },
    "@babel/highlight": {
      "version": "7.0.0-beta.44",
      "resolved": "http://registry.npm.taobao.org/@babel/highlight/download/@babel/highlight-7.0.0-beta.44.tgz",
      "integrity": "sha1-GMlM5UORaoBVPtzc9oGJCyAHR9U=",
      "dev": true,
      "requires": {
        "chalk": "^2.0.0",
        "esutils": "^2.0.2",
        "js-tokens": "^3.0.0"
      }
    },
    "@babel/template": {
      "version": "7.0.0-beta.44",
      "resolved": "http://registry.npm.taobao.org/@babel/template/download/@babel/template-7.0.0-beta.44.tgz",
      "integrity": "sha1-+IMvT9zuXVm/UV5ZX8UQbFKbOU8=",
      "dev": true,
      "requires": {
        "@babel/code-frame": "7.0.0-beta.44",
        "@babel/types": "7.0.0-beta.44",
        "babylon": "7.0.0-beta.44",
        "lodash": "^4.2.0"
      },
      "dependencies": {
        "babylon": {
          "version": "7.0.0-beta.44",
          "resolved": "http://registry.npm.taobao.org/babylon/download/babylon-7.0.0-beta.44.tgz",
          "integrity": "sha1-iRWeFebjDFCW4i1zjYwK+KDoyh0=",
          "dev": true
        }
      }
    },
    "@babel/traverse": {
      "version": "7.0.0-beta.44",
      "resolved": "http://registry.npm.taobao.org/@babel/traverse/download/@babel/traverse-7.0.0-beta.44.tgz",
      "integrity": "sha1-qXCixFR3rRgBfi5GWgYG/u4NKWY=",
      "dev": true,
      "requires": {
        "@babel/code-frame": "7.0.0-beta.44",
        "@babel/generator": "7.0.0-beta.44",
        "@babel/helper-function-name": "7.0.0-beta.44",
        "@babel/helper-split-export-declaration": "7.0.0-beta.44",
        "@babel/types": "7.0.0-beta.44",
        "babylon": "7.0.0-beta.44",
        "debug": "^3.1.0",
        "globals": "^11.1.0",
        "invariant": "^2.2.0",
        "lodash": "^4.2.0"
      },
      "dependencies": {
        "babylon": {
          "version": "7.0.0-beta.44",
          "resolved": "http://registry.npm.taobao.org/babylon/download/babylon-7.0.0-beta.44.tgz",
          "integrity": "sha1-iRWeFebjDFCW4i1zjYwK+KDoyh0=",
          "dev": true
        },
        "debug": {
          "version": "3.1.0",
          "resolved": "http://registry.npm.taobao.org/debug/download/debug-3.1.0.tgz",
          "integrity": "sha1-W7WgZyYotkFJVmuhaBnmFRjGcmE=",
          "dev": true,
          "requires": {
            "ms": "2.0.0"
          }
        },
        "globals": {
          "version": "11.5.0",
          "resolved": "http://registry.npm.taobao.org/globals/download/globals-11.5.0.tgz",
          "integrity": "sha1-a8hA3mdxFzsZHxPTqclNRB7pJkI=",
          "dev": true
        }
      }
    },
    "@babel/types": {
      "version": "7.0.0-beta.44",
      "resolved": "http://registry.npm.taobao.org/@babel/types/download/@babel/types-7.0.0-beta.44.tgz",
      "integrity": "sha1-axsWRZH3fewKA0KsqZXy0Eazp1c=",
      "dev": true,
      "requires": {
        "esutils": "^2.0.2",
        "lodash": "^4.2.0",
        "to-fast-properties": "^2.0.0"
      },
      "dependencies": {
        "to-fast-properties": {
          "version": "2.0.0",
          "resolved": "http://registry.npm.taobao.org/to-fast-properties/download/to-fast-properties-2.0.0.tgz",
          "integrity": "sha1-3F5pjL0HkmW8c+A3doGk5Og/YW4=",
          "dev": true
        }
      }
    },
    "abbrev": {
      "version": "1.1.1",
      "resolved": "http://registry.npm.taobao.org/abbrev/download/abbrev-1.1.1.tgz",
      "integrity": "sha1-+PLIh60Qv2f2NPAFtph/7TF5qsg=",
      "dev": true
    },
    "accepts": {
      "version": "1.3.5",
      "resolved": "http://registry.npm.taobao.org/accepts/download/accepts-1.3.5.tgz",
      "integrity": "sha1-63d99gEXI6OxTopywIBcjoZ0a9I=",
      "dev": true,
      "requires": {
        "mime-types": "~2.1.18",
        "negotiator": "0.6.1"
      }
    },
    "acorn": {
      "version": "5.5.3",
      "resolved": "http://registry.npm.taobao.org/acorn/download/acorn-5.5.3.tgz",
      "integrity": "sha1-9HPdR+AnegjijpvsWu6wR1HwuMk=",
      "dev": true
    },
    "acorn-dynamic-import": {
      "version": "2.0.2",
      "resolved": "http://registry.npm.taobao.org/acorn-dynamic-import/download/acorn-dynamic-import-2.0.2.tgz",
      "integrity": "sha1-x1K9IQvvZ5UBtsbLf8hPj0cVjMQ=",
      "dev": true,
      "requires": {
        "acorn": "^4.0.3"
      },
      "dependencies": {
        "acorn": {
          "version": "4.0.13",
          "resolved": "http://registry.npm.taobao.org/acorn/download/acorn-4.0.13.tgz",
          "integrity": "sha1-EFSVrlNh1pe9GVyCUZLhrX8lN4c=",
          "dev": true
        }
      }
    },
    "acorn-jsx": {
      "version": "3.0.1",
      "resolved": "http://registry.npm.taobao.org/acorn-jsx/download/acorn-jsx-3.0.1.tgz",
      "integrity": "sha1-r9+UiPsezvyDSPb7IvRk4ypYs2s=",
      "dev": true,
      "requires": {
        "acorn": "^3.0.4"
      },
      "dependencies": {
        "acorn": {
          "version": "3.3.0",
          "resolved": "http://registry.npm.taobao.org/acorn/download/acorn-3.3.0.tgz",
          "integrity": "sha1-ReN/s56No/JbruP/U2niu18iAXo=",
          "dev": true
        }
      }
    },
    "ajv": {
      "version": "5.5.2",
      "resolved": "http://registry.npm.taobao.org/ajv/download/ajv-5.5.2.tgz",
      "integrity": "sha1-c7Xuyj+rZT49P5Qis0GtQiBdyWU=",
      "dev": true,
      "requires": {
        "co": "^4.6.0",
        "fast-deep-equal": "^1.0.0",
        "fast-json-stable-stringify": "^2.0.0",
        "json-schema-traverse": "^0.3.0"
      }
    },
    "ajv-keywords": {
      "version": "2.1.1",
      "resolved": "http://registry.npm.taobao.org/ajv-keywords/download/ajv-keywords-2.1.1.tgz",
      "integrity": "sha1-YXmX/F9gV2iUxDX5QNgZ4TW4B2I=",
      "dev": true
    },
    "align-text": {
      "version": "0.1.4",
      "resolved": "http://registry.npm.taobao.org/align-text/download/align-text-0.1.4.tgz",
      "integrity": "sha1-DNkKVhCT810KmSVsIrcGlDP60Rc=",
      "dev": true,
      "requires": {
        "kind-of": "^3.0.2",
        "longest": "^1.0.1",
        "repeat-string": "^1.5.2"
      }
    },
    "alphanum-sort": {
      "version": "1.0.2",
      "resolved": "http://registry.npm.taobao.org/alphanum-sort/download/alphanum-sort-1.0.2.tgz",
      "integrity": "sha1-l6ERlkmyEa0zaR2fn0hqjsn74KM=",
      "dev": true
    },
    "amdefine": {
      "version": "1.0.1",
      "resolved": "http://registry.npm.taobao.org/amdefine/download/amdefine-1.0.1.tgz",
      "integrity": "sha1-SlKCrBZHKek2Gbz9OtFR+BfOkfU=",
      "dev": true
    },
    "ansi-escapes": {
      "version": "3.1.0",
      "resolved": "http://registry.npm.taobao.org/ansi-escapes/download/ansi-escapes-3.1.0.tgz",
      "integrity": "sha1-9zIHu4EgfXX9bIPxJa8m7qN4yjA=",
      "dev": true
    },
    "ansi-html": {
      "version": "0.0.7",
      "resolved": "http://registry.npm.taobao.org/ansi-html/download/ansi-html-0.0.7.tgz",
      "integrity": "sha1-gTWEAhliqenm/QOflA0S9WynhZ4=",
      "dev": true
    },
    "ansi-regex": {
      "version": "2.1.1",
      "resolved": "http://registry.npm.taobao.org/ansi-regex/download/ansi-regex-2.1.1.tgz",
      "integrity": "sha1-w7M6te42DYbg5ijwRorn7yfWVN8=",
      "dev": true
    },
    "ansi-styles": {
      "version": "3.2.1",
      "resolved": "http://registry.npm.taobao.org/ansi-styles/download/ansi-styles-3.2.1.tgz",
      "integrity": "sha1-QfuyAkPlCxK+DwS43tvwdSDOhB0=",
      "dev": true,
      "requires": {
        "color-convert": "^1.9.0"
      }
    },
    "anymatch": {
      "version": "2.0.0",
      "resolved": "http://registry.npm.taobao.org/anymatch/download/anymatch-2.0.0.tgz",
      "integrity": "sha1-vLJLTzeTTZqnrBe0ra+J58du8us=",
      "dev": true,
      "requires": {
        "micromatch": "^3.1.4",
        "normalize-path": "^2.1.1"
      }
    },
    "aproba": {
      "version": "1.2.0",
      "resolved": "http://registry.npm.taobao.org/aproba/download/aproba-1.2.0.tgz",
      "integrity": "sha1-aALmJk79GMeQobDVF/DyYnvyyUo=",
      "dev": true
    },
    "are-we-there-yet": {
      "version": "1.1.4",
      "resolved": "http://registry.npm.taobao.org/are-we-there-yet/download/are-we-there-yet-1.1.4.tgz",
      "integrity": "sha1-u13KOCu5TwXhUZQ3PRb9O6HKEQ0=",
      "dev": true,
      "requires": {
        "delegates": "^1.0.0",
        "readable-stream": "^2.0.6"
      }
    },
    "argparse": {
      "version": "1.0.10",
      "resolved": "http://registry.npm.taobao.org/argparse/download/argparse-1.0.10.tgz",
      "integrity": "sha1-vNZ5HqWuCXJeF+WtmIE0zUCz2RE=",
      "dev": true,
      "requires": {
        "sprintf-js": "~1.0.2"
      }
    },
    "arr-diff": {
      "version": "4.0.0",
      "resolved": "http://registry.npm.taobao.org/arr-diff/download/arr-diff-4.0.0.tgz",
      "integrity": "sha1-1kYQdP6/7HHn4VI1dhoyml3HxSA=",
      "dev": true
    },
    "arr-flatten": {
      "version": "1.1.0",
      "resolved": "http://registry.npm.taobao.org/arr-flatten/download/arr-flatten-1.1.0.tgz",
      "integrity": "sha1-NgSLv/TntH4TZkQxbJlmnqWukfE=",
      "dev": true
    },
    "arr-union": {
      "version": "3.1.0",
      "resolved": "http://registry.npm.taobao.org/arr-union/download/arr-union-3.1.0.tgz",
      "integrity": "sha1-45sJrqne+Gao8gbiiK9jkZuuOcQ=",
      "dev": true
    },
    "array-find-index": {
      "version": "1.0.2",
      "resolved": "http://registry.npm.taobao.org/array-find-index/download/array-find-index-1.0.2.tgz",
      "integrity": "sha1-3wEKoSh+Fku9pvlyOwqWoexBh6E=",
      "dev": true
    },
    "array-flatten": {
      "version": "1.1.1",
      "resolved": "http://registry.npm.taobao.org/array-flatten/download/array-flatten-1.1.1.tgz",
      "integrity": "sha1-ml9pkFGx5wczKPKgCJaLZOopVdI=",
      "dev": true
    },
    "array-includes": {
      "version": "3.0.3",
      "resolved": "http://registry.npm.taobao.org/array-includes/download/array-includes-3.0.3.tgz",
      "integrity": "sha1-GEtI9i2S10UrsxsyMWXH+L0CJm0=",
      "dev": true,
      "requires": {
        "define-properties": "^1.1.2",
        "es-abstract": "^1.7.0"
      }
    },
    "array-union": {
      "version": "1.0.2",
      "resolved": "http://registry.npm.taobao.org/array-union/download/array-union-1.0.2.tgz",
      "integrity": "sha1-mjRBDk9OPaI96jdb5b5w8kd47Dk=",
      "dev": true,
      "requires": {
        "array-uniq": "^1.0.1"
      }
    },
    "array-uniq": {
      "version": "1.0.3",
      "resolved": "http://registry.npm.taobao.org/array-uniq/download/array-uniq-1.0.3.tgz",
      "integrity": "sha1-r2rId6Jcx/dOBYiUdThY39sk/bY=",
      "dev": true
    },
    "array-unique": {
      "version": "0.3.2",
      "resolved": "http://registry.npm.taobao.org/array-unique/download/array-unique-0.3.2.tgz",
      "integrity": "sha1-qJS3XUvE9s1nnvMkSp/Y9Gri1Cg=",
      "dev": true
    },
    "arrify": {
      "version": "1.0.1",
      "resolved": "http://reg